
Microsoft Visual Studio Solution File, Format Version 12.00
# Visual Studio 2013
VisualStudioVersion = 12.0.21005.1
MinimumVisualStudioVersion = 10.0.40219.1
Project("{FAE04EC0-301F-11D3-BF4B-00C04F79EFBC}") = "HW_Funct", "HW_Funct\HW_Funct.csproj", "{ACBC8499-4024-4BDA-A97A-D0DE3A635CBC}"
EndProject
Global
	GlobalSection(SolutionConfigurationPlatforms) = preSolution
		Debug|Any CPU = Debug|Any CPU
		Release|Any CPU = Release|Any CPU
	EndGlobalSection
	GlobalSection(ProjectConfigurationPlatforms) = postSolution
		{ACBC8499-4024-4BDA-A97A-D0DE3A635CBC}.Debug|Any CPU.ActiveCfg = Debug|Any CPU
		{ACBC8499-4024-4BDA-A97A-D0DE3A635CBC}.Debug|Any CPU.Build.0 = Debug|Any CPU
		{ACBC8499-4024-4BDA-A97A-D0DE3A635CBC}.Release|Any CPU.ActiveCfg = Release|Any CPU
		{ACBC8499-4024-4BDA-A97A-D0DE3A635CBC}.Release|Any CPU.Build.0 = Release|Any CPU
	EndGlobalSection
	GlobalSection(SolutionProperties) = preSolution
		HideSolutionNode = FALSE
	EndGlobalSection
EndGlobal
