
Microsoft Visual Studio Solution File, Format Version 12.00
# Visual Studio 2013
VisualStudioVersion = 12.0.21005.1
MinimumVisualStudioVersion = 10.0.40219.1
Project("{FAE04EC0-301F-11D3-BF4B-00C04F79EFBC}") = "CodingGame", "CodingGame\CodingGame.csproj", "{BBAD6570-764B-49EF-A42E-B1F49F57A471}"
EndProject
Project("{FAE04EC0-301F-11D3-BF4B-00C04F79EFBC}") = "coddingGame2", "coddingGame2\coddingGame2.csproj", "{A72884B4-6872-4E7D-ADB8-9CC31EDD909A}"
EndProject
Project("{FAE04EC0-301F-11D3-BF4B-00C04F79EFBC}") = "codingGAme3", "codingGAme3\codingGAme3.csproj", "{7F5BDF05-6C70-44A2-ADF4-BAE150ADC48A}"
EndProject
Project("{FAE04EC0-301F-11D3-BF4B-00C04F79EFBC}") = "Contest", "Contest\Contest.csproj", "{8FCCB0AE-D48B-4C26-8E4B-B415096AB5E9}"
EndProject
Global
	GlobalSection(SolutionConfigurationPlatforms) = preSolution
		Debug|Any CPU = Debug|Any CPU
		Release|Any CPU = Release|Any CPU
	EndGlobalSection
	GlobalSection(ProjectConfigurationPlatforms) = postSolution
		{BBAD6570-764B-49EF-A42E-B1F49F57A471}.Debug|Any CPU.ActiveCfg = Debug|Any CPU
		{BBAD6570-764B-49EF-A42E-B1F49F57A471}.Debug|Any CPU.Build.0 = Debug|Any CPU
		{BBAD6570-764B-49EF-A42E-B1F49F57A471}.Release|Any CPU.ActiveCfg = Release|Any CPU
		{BBAD6570-764B-49EF-A42E-B1F49F57A471}.Release|Any CPU.Build.0 = Release|Any CPU
		{A72884B4-6872-4E7D-ADB8-9CC31EDD909A}.Debug|Any CPU.ActiveCfg = Debug|Any CPU
		{A72884B4-6872-4E7D-ADB8-9CC31EDD909A}.Debug|Any CPU.Build.0 = Debug|Any CPU
		{A72884B4-6872-4E7D-ADB8-9CC31EDD909A}.Release|Any CPU.ActiveCfg = Release|Any CPU
		{A72884B4-6872-4E7D-ADB8-9CC31EDD909A}.Release|Any CPU.Build.0 = Release|Any CPU
		{7F5BDF05-6C70-44A2-ADF4-BAE150ADC48A}.Debug|Any CPU.ActiveCfg = Debug|Any CPU
		{7F5BDF05-6C70-44A2-ADF4-BAE150ADC48A}.Debug|Any CPU.Build.0 = Debug|Any CPU
		{7F5BDF05-6C70-44A2-ADF4-BAE150ADC48A}.Release|Any CPU.ActiveCfg = Release|Any CPU
		{7F5BDF05-6C70-44A2-ADF4-BAE150ADC48A}.Release|Any CPU.Build.0 = Release|Any CPU
		{8FCCB0AE-D48B-4C26-8E4B-B415096AB5E9}.Debug|Any CPU.ActiveCfg = Debug|Any CPU
		{8FCCB0AE-D48B-4C26-8E4B-B415096AB5E9}.Debug|Any CPU.Build.0 = Debug|Any CPU
		{8FCCB0AE-D48B-4C26-8E4B-B415096AB5E9}.Release|Any CPU.ActiveCfg = Release|Any CPU
		{8FCCB0AE-D48B-4C26-8E4B-B415096AB5E9}.Release|Any CPU.Build.0 = Release|Any CPU
	EndGlobalSection
	GlobalSection(SolutionProperties) = preSolution
		HideSolutionNode = FALSE
	EndGlobalSection
EndGlobal
