
Microsoft Visual Studio Solution File, Format Version 12.00
# Visual Studio 2013
VisualStudioVersion = 12.0.21005.1
MinimumVisualStudioVersion = 10.0.40219.1
Project("{FAE04EC0-301F-11D3-BF4B-00C04F79EFBC}") = "problem 1.0", "homework fund 2\problem 1.0.csproj", "{51340BD6-5FBC-4494-9A40-DC4563CA5965}"
EndProject
Project("{FAE04EC0-301F-11D3-BF4B-00C04F79EFBC}") = "problem 1.1", "problem 1.2.2\problem 1.1.csproj", "{E17DA1FD-3C1A-4651-91AE-F121BB23E247}"
EndProject
Project("{FAE04EC0-301F-11D3-BF4B-00C04F79EFBC}") = "problem 2", "problem 2\problem 2.csproj", "{3582EF52-82BF-4669-A48C-7CBC8DB2896F}"
EndProject
Project("{FAE04EC0-301F-11D3-BF4B-00C04F79EFBC}") = "problem 3", "problem 3\problem 3.csproj", "{7EE07F1D-2A3B-4EB1-9EEB-69AD7518EAAE}"
EndProject
Project("{FAE04EC0-301F-11D3-BF4B-00C04F79EFBC}") = "problem 4", "problem 4\problem 4.csproj", "{A81478C0-2DB7-4E07-A41F-BC970392EB92}"
EndProject
Project("{FAE04EC0-301F-11D3-BF4B-00C04F79EFBC}") = "problem 5", "problem  5\problem 5.csproj", "{4E8FAFB6-8B47-459B-99EA-9427AC2085BD}"
EndProject
Project("{FAE04EC0-301F-11D3-BF4B-00C04F79EFBC}") = "problem 6", "problem 6\problem 6.csproj", "{57C2E580-091B-4ADC-9A20-41DDDBF4D6E9}"
EndProject
Project("{FAE04EC0-301F-11D3-BF4B-00C04F79EFBC}") = "problem 7", "problem 7\problem 7.csproj", "{AD070A83-15F1-4140-BC2F-EED76FCE6138}"
EndProject
Project("{FAE04EC0-301F-11D3-BF4B-00C04F79EFBC}") = "problem 8", "problem 8\problem 8.csproj", "{C15F7070-E203-4816-AF7A-68F4D4770282}"
EndProject
Global
	GlobalSection(SolutionConfigurationPlatforms) = preSolution
		Debug|Any CPU = Debug|Any CPU
		Release|Any CPU = Release|Any CPU
	EndGlobalSection
	GlobalSection(ProjectConfigurationPlatforms) = postSolution
		{51340BD6-5FBC-4494-9A40-DC4563CA5965}.Debug|Any CPU.ActiveCfg = Debug|Any CPU
		{51340BD6-5FBC-4494-9A40-DC4563CA5965}.Debug|Any CPU.Build.0 = Debug|Any CPU
		{51340BD6-5FBC-4494-9A40-DC4563CA5965}.Release|Any CPU.ActiveCfg = Release|Any CPU
		{51340BD6-5FBC-4494-9A40-DC4563CA5965}.Release|Any CPU.Build.0 = Release|Any CPU
		{E17DA1FD-3C1A-4651-91AE-F121BB23E247}.Debug|Any CPU.ActiveCfg = Debug|Any CPU
		{E17DA1FD-3C1A-4651-91AE-F121BB23E247}.Debug|Any CPU.Build.0 = Debug|Any CPU
		{E17DA1FD-3C1A-4651-91AE-F121BB23E247}.Release|Any CPU.ActiveCfg = Release|Any CPU
		{E17DA1FD-3C1A-4651-91AE-F121BB23E247}.Release|Any CPU.Build.0 = Release|Any CPU
		{3582EF52-82BF-4669-A48C-7CBC8DB2896F}.Debug|Any CPU.ActiveCfg = Debug|Any CPU
		{3582EF52-82BF-4669-A48C-7CBC8DB2896F}.Debug|Any CPU.Build.0 = Debug|Any CPU
		{3582EF52-82BF-4669-A48C-7CBC8DB2896F}.Release|Any CPU.ActiveCfg = Release|Any CPU
		{3582EF52-82BF-4669-A48C-7CBC8DB2896F}.Release|Any CPU.Build.0 = Release|Any CPU
		{7EE07F1D-2A3B-4EB1-9EEB-69AD7518EAAE}.Debug|Any CPU.ActiveCfg = Debug|Any CPU
		{7EE07F1D-2A3B-4EB1-9EEB-69AD7518EAAE}.Debug|Any CPU.Build.0 = Debug|Any CPU
		{7EE07F1D-2A3B-4EB1-9EEB-69AD7518EAAE}.Release|Any CPU.ActiveCfg = Release|Any CPU
		{7EE07F1D-2A3B-4EB1-9EEB-69AD7518EAAE}.Release|Any CPU.Build.0 = Release|Any CPU
		{A81478C0-2DB7-4E07-A41F-BC970392EB92}.Debug|Any CPU.ActiveCfg = Debug|Any CPU
		{A81478C0-2DB7-4E07-A41F-BC970392EB92}.Debug|Any CPU.Build.0 = Debug|Any CPU
		{A81478C0-2DB7-4E07-A41F-BC970392EB92}.Release|Any CPU.ActiveCfg = Release|Any CPU
		{A81478C0-2DB7-4E07-A41F-BC970392EB92}.Release|Any CPU.Build.0 = Release|Any CPU
		{4E8FAFB6-8B47-459B-99EA-9427AC2085BD}.Debug|Any CPU.ActiveCfg = Debug|Any CPU
		{4E8FAFB6-8B47-459B-99EA-9427AC2085BD}.Debug|Any CPU.Build.0 = Debug|Any CPU
		{4E8FAFB6-8B47-459B-99EA-9427AC2085BD}.Release|Any CPU.ActiveCfg = Release|Any CPU
		{4E8FAFB6-8B47-459B-99EA-9427AC2085BD}.Release|Any CPU.Build.0 = Release|Any CPU
		{57C2E580-091B-4ADC-9A20-41DDDBF4D6E9}.Debug|Any CPU.ActiveCfg = Debug|Any CPU
		{57C2E580-091B-4ADC-9A20-41DDDBF4D6E9}.Debug|Any CPU.Build.0 = Debug|Any CPU
		{57C2E580-091B-4ADC-9A20-41DDDBF4D6E9}.Release|Any CPU.ActiveCfg = Release|Any CPU
		{57C2E580-091B-4ADC-9A20-41DDDBF4D6E9}.Release|Any CPU.Build.0 = Release|Any CPU
		{AD070A83-15F1-4140-BC2F-EED76FCE6138}.Debug|Any CPU.ActiveCfg = Debug|Any CPU
		{AD070A83-15F1-4140-BC2F-EED76FCE6138}.Debug|Any CPU.Build.0 = Debug|Any CPU
		{AD070A83-15F1-4140-BC2F-EED76FCE6138}.Release|Any CPU.ActiveCfg = Release|Any CPU
		{AD070A83-15F1-4140-BC2F-EED76FCE6138}.Release|Any CPU.Build.0 = Release|Any CPU
		{C15F7070-E203-4816-AF7A-68F4D4770282}.Debug|Any CPU.ActiveCfg = Debug|Any CPU
		{C15F7070-E203-4816-AF7A-68F4D4770282}.Debug|Any CPU.Build.0 = Debug|Any CPU
		{C15F7070-E203-4816-AF7A-68F4D4770282}.Release|Any CPU.ActiveCfg = Release|Any CPU
		{C15F7070-E203-4816-AF7A-68F4D4770282}.Release|Any CPU.Build.0 = Release|Any CPU
	EndGlobalSection
	GlobalSection(SolutionProperties) = preSolution
		HideSolutionNode = FALSE
	EndGlobalSection
EndGlobal
