
Microsoft Visual Studio Solution File, Format Version 12.00
# Visual Studio 2013
VisualStudioVersion = 12.0.21005.1
MinimumVisualStudioVersion = 10.0.40219.1
Project("{FAE04EC0-301F-11D3-BF4B-00C04F79EFBC}") = "01Person", "HWSoftUni\01Person.csproj", "{66CB93E6-79B5-40DB-AA1B-14290D8BA1ED}"
EndProject
Project("{FAE04EC0-301F-11D3-BF4B-00C04F79EFBC}") = "LaptopShop", "02Laptop\LaptopShop.csproj", "{CAF7C726-1A2F-486A-8FC0-933973508E8C}"
EndProject
Project("{FAE04EC0-301F-11D3-BF4B-00C04F79EFBC}") = "PCCatalog", "PCCatalog\PCCatalog.csproj", "{7CD67B96-FED4-4EFE-85B4-6C28677994A8}"
EndProject
Global
	GlobalSection(SolutionConfigurationPlatforms) = preSolution
		Debug|Any CPU = Debug|Any CPU
		Release|Any CPU = Release|Any CPU
	EndGlobalSection
	GlobalSection(ProjectConfigurationPlatforms) = postSolution
		{66CB93E6-79B5-40DB-AA1B-14290D8BA1ED}.Debug|Any CPU.ActiveCfg = Debug|Any CPU
		{66CB93E6-79B5-40DB-AA1B-14290D8BA1ED}.Debug|Any CPU.Build.0 = Debug|Any CPU
		{66CB93E6-79B5-40DB-AA1B-14290D8BA1ED}.Release|Any CPU.ActiveCfg = Release|Any CPU
		{66CB93E6-79B5-40DB-AA1B-14290D8BA1ED}.Release|Any CPU.Build.0 = Release|Any CPU
		{CAF7C726-1A2F-486A-8FC0-933973508E8C}.Debug|Any CPU.ActiveCfg = Debug|Any CPU
		{CAF7C726-1A2F-486A-8FC0-933973508E8C}.Debug|Any CPU.Build.0 = Debug|Any CPU
		{CAF7C726-1A2F-486A-8FC0-933973508E8C}.Release|Any CPU.ActiveCfg = Release|Any CPU
		{CAF7C726-1A2F-486A-8FC0-933973508E8C}.Release|Any CPU.Build.0 = Release|Any CPU
		{7CD67B96-FED4-4EFE-85B4-6C28677994A8}.Debug|Any CPU.ActiveCfg = Debug|Any CPU
		{7CD67B96-FED4-4EFE-85B4-6C28677994A8}.Debug|Any CPU.Build.0 = Debug|Any CPU
		{7CD67B96-FED4-4EFE-85B4-6C28677994A8}.Release|Any CPU.ActiveCfg = Release|Any CPU
		{7CD67B96-FED4-4EFE-85B4-6C28677994A8}.Release|Any CPU.Build.0 = Release|Any CPU
	EndGlobalSection
	GlobalSection(SolutionProperties) = preSolution
		HideSolutionNode = FALSE
	EndGlobalSection
EndGlobal
